
Microsoft Visual Studio Solution File, Format Version 12.00
# Visual Studio Version 17
VisualStudioVersion = 17.13.35806.99
MinimumVisualStudioVersion = 10.0.40219.1
Project("{FAE04EC0-301F-11D3-BF4B-00C04F79EFBC}") = "Learnify.Web.API", "Learnify.Web.API\Learnify.Web.API.csproj", "{58EC8FCE-4A73-4832-89A4-21C91B208C1C}"
EndProject
Project("{FAE04EC0-301F-11D3-BF4B-00C04F79EFBC}") = "Learnify.Services", "Learnify.Services\Learnify.Services.csproj", "{135FC31D-C5BF-4934-898D-CEEFDC58A585}"
EndProject
Project("{FAE04EC0-301F-11D3-BF4B-00C04F79EFBC}") = "Learnify.Data.Services", "Learnify.Data.Services\Learnify.Data.Services.csproj", "{88806D6B-8814-49ED-8861-C16EEE70734C}"
EndProject
Project("{FAE04EC0-301F-11D3-BF4B-00C04F79EFBC}") = "Learnify.Common", "Learnify.Common\Learnify.Common.csproj", "{0148EA24-0259-4795-A172-2F34A70C72DF}"
EndProject
Project("{FAE04EC0-301F-11D3-BF4B-00C04F79EFBC}") = "Learnify.Interactors", "Learnify.Interactors\Learnify.Interactors.csproj", "{8D9E1DA4-F8D0-4637-BEB9-92EF363DBD18}"
EndProject
Project("{FAE04EC0-301F-11D3-BF4B-00C04F79EFBC}") = "Learnify.Data.EntityFramework", "Learnify.Data.EntityFramework\Learnify.Data.EntityFramework.csproj", "{C0C46AD4-40C7-43AE-B842-327A8486193F}"
EndProject
Project("{FAE04EC0-301F-11D3-BF4B-00C04F79EFBC}") = "Learnify.tests", "Learnify.tests\Learnify.tests.csproj", "{D0EF6775-C865-4BB4-A203-D1358F95633D}"
EndProject
Project("{2150E333-8FDC-42A3-9474-1A3956D46DE8}") = "Others", "Others", "{8EC462FD-D22E-90A8-E5CE-7E832BA40C5D}"
	ProjectSection(SolutionItems) = preProject
		ProjectSetupInstructions.txt = ProjectSetupInstructions.txt
	EndProjectSection
EndProject
Global
	GlobalSection(SolutionConfigurationPlatforms) = preSolution
		Debug|Any CPU = Debug|Any CPU
		Release|Any CPU = Release|Any CPU
	EndGlobalSection
	GlobalSection(ProjectConfigurationPlatforms) = postSolution
		{58EC8FCE-4A73-4832-89A4-21C91B208C1C}.Debug|Any CPU.ActiveCfg = Debug|Any CPU
		{58EC8FCE-4A73-4832-89A4-21C91B208C1C}.Debug|Any CPU.Build.0 = Debug|Any CPU
		{58EC8FCE-4A73-4832-89A4-21C91B208C1C}.Release|Any CPU.ActiveCfg = Release|Any CPU
		{58EC8FCE-4A73-4832-89A4-21C91B208C1C}.Release|Any CPU.Build.0 = Release|Any CPU
		{135FC31D-C5BF-4934-898D-CEEFDC58A585}.Debug|Any CPU.ActiveCfg = Debug|Any CPU
		{135FC31D-C5BF-4934-898D-CEEFDC58A585}.Debug|Any CPU.Build.0 = Debug|Any CPU
		{135FC31D-C5BF-4934-898D-CEEFDC58A585}.Release|Any CPU.ActiveCfg = Release|Any CPU
		{135FC31D-C5BF-4934-898D-CEEFDC58A585}.Release|Any CPU.Build.0 = Release|Any CPU
		{88806D6B-8814-49ED-8861-C16EEE70734C}.Debug|Any CPU.ActiveCfg = Debug|Any CPU
		{88806D6B-8814-49ED-8861-C16EEE70734C}.Debug|Any CPU.Build.0 = Debug|Any CPU
		{88806D6B-8814-49ED-8861-C16EEE70734C}.Release|Any CPU.ActiveCfg = Release|Any CPU
		{88806D6B-8814-49ED-8861-C16EEE70734C}.Release|Any CPU.Build.0 = Release|Any CPU
		{0148EA24-0259-4795-A172-2F34A70C72DF}.Debug|Any CPU.ActiveCfg = Debug|Any CPU
		{0148EA24-0259-4795-A172-2F34A70C72DF}.Debug|Any CPU.Build.0 = Debug|Any CPU
		{0148EA24-0259-4795-A172-2F34A70C72DF}.Release|Any CPU.ActiveCfg = Release|Any CPU
		{0148EA24-0259-4795-A172-2F34A70C72DF}.Release|Any CPU.Build.0 = Release|Any CPU
		{8D9E1DA4-F8D0-4637-BEB9-92EF363DBD18}.Debug|Any CPU.ActiveCfg = Debug|Any CPU
		{8D9E1DA4-F8D0-4637-BEB9-92EF363DBD18}.Debug|Any CPU.Build.0 = Debug|Any CPU
		{8D9E1DA4-F8D0-4637-BEB9-92EF363DBD18}.Release|Any CPU.ActiveCfg = Release|Any CPU
		{8D9E1DA4-F8D0-4637-BEB9-92EF363DBD18}.Release|Any CPU.Build.0 = Release|Any CPU
		{C0C46AD4-40C7-43AE-B842-327A8486193F}.Debug|Any CPU.ActiveCfg = Debug|Any CPU
		{C0C46AD4-40C7-43AE-B842-327A8486193F}.Debug|Any CPU.Build.0 = Debug|Any CPU
		{C0C46AD4-40C7-43AE-B842-327A8486193F}.Release|Any CPU.ActiveCfg = Release|Any CPU
		{C0C46AD4-40C7-43AE-B842-327A8486193F}.Release|Any CPU.Build.0 = Release|Any CPU
		{D0EF6775-C865-4BB4-A203-D1358F95633D}.Debug|Any CPU.ActiveCfg = Debug|Any CPU
		{D0EF6775-C865-4BB4-A203-D1358F95633D}.Debug|Any CPU.Build.0 = Debug|Any CPU
		{D0EF6775-C865-4BB4-A203-D1358F95633D}.Release|Any CPU.ActiveCfg = Release|Any CPU
		{D0EF6775-C865-4BB4-A203-D1358F95633D}.Release|Any CPU.Build.0 = Release|Any CPU
	EndGlobalSection
	GlobalSection(SolutionProperties) = preSolution
		HideSolutionNode = FALSE
	EndGlobalSection
	GlobalSection(ExtensibilityGlobals) = postSolution
		SolutionGuid = {B74CA707-676E-4E7E-B65B-BA86CEF834FE}
	EndGlobalSection
EndGlobal
